
Microsoft Visual Studio Solution File, Format Version 12.00
# Visual Studio Version 17
VisualStudioVersion = 17.8.34408.163
MinimumVisualStudioVersion = 10.0.40219.1
Project("{9A19103F-16F7-4668-BE54-9A1E7A4F7556}") = "LMS.Presentation", "LMS.Presentation\LMS.Presentation.csproj", "{CD0D56DE-417F-4183-94CC-4AA294E74ABE}"
EndProject
Project("{9A19103F-16F7-4668-BE54-9A1E7A4F7556}") = "LMS.Core", "LMS.Core\LMS.Core.csproj", "{2E782A4A-25FD-4D59-BE1F-25371812B85B}"
EndProject
Project("{9A19103F-16F7-4668-BE54-9A1E7A4F7556}") = "LMS.Application.Contracts", "LMS.Application.Contracts\LMS.Application.Contracts.csproj", "{C81D420A-4BB8-44BB-8780-E315299A4851}"
EndProject
Project("{9A19103F-16F7-4668-BE54-9A1E7A4F7556}") = "LMS.Application.Services", "LMS.Application.Services\LMS.Application.Services.csproj", "{A06E2FBB-DD0B-4FE1-A3FC-BDCAE9AD978F}"
EndProject
Project("{9A19103F-16F7-4668-BE54-9A1E7A4F7556}") = "LMS.Infrastructure", "LMS.Infrastructure\LMS.Infrastructure.csproj", "{4C5E724C-07A2-43E3-A8F8-71717C842F9B}"
EndProject
Project("{9A19103F-16F7-4668-BE54-9A1E7A4F7556}") = "LMS.Common", "LMS.Common\LMS.Common.csproj", "{610A9FFD-A9EF-4CFA-9686-2B38B2A09539}"
EndProject
Project("{9A19103F-16F7-4668-BE54-9A1E7A4F7556}") = "LMS.Bootstrapper", "LMS.Bootstrapper\LMS.Bootstrapper.csproj", "{55615348-A901-422B-BDCA-D3B009C54B17}"
EndProject
Project("{2150E333-8FDC-42A3-9474-1A3956D46DE8}") = "Solution Items", "Solution Items", "{DD9F8F66-B947-4C22-8C5D-0ECB1B3D9091}"
	ProjectSection(SolutionItems) = preProject
		AboutProject.txt = AboutProject.txt
		README.md = README.md
	EndProjectSection
EndProject
Global
	GlobalSection(SolutionConfigurationPlatforms) = preSolution
		Debug|Any CPU = Debug|Any CPU
		Release|Any CPU = Release|Any CPU
	EndGlobalSection
	GlobalSection(ProjectConfigurationPlatforms) = postSolution
		{CD0D56DE-417F-4183-94CC-4AA294E74ABE}.Debug|Any CPU.ActiveCfg = Debug|Any CPU
		{CD0D56DE-417F-4183-94CC-4AA294E74ABE}.Debug|Any CPU.Build.0 = Debug|Any CPU
		{CD0D56DE-417F-4183-94CC-4AA294E74ABE}.Release|Any CPU.ActiveCfg = Release|Any CPU
		{CD0D56DE-417F-4183-94CC-4AA294E74ABE}.Release|Any CPU.Build.0 = Release|Any CPU
		{2E782A4A-25FD-4D59-BE1F-25371812B85B}.Debug|Any CPU.ActiveCfg = Debug|Any CPU
		{2E782A4A-25FD-4D59-BE1F-25371812B85B}.Debug|Any CPU.Build.0 = Debug|Any CPU
		{2E782A4A-25FD-4D59-BE1F-25371812B85B}.Release|Any CPU.ActiveCfg = Release|Any CPU
		{2E782A4A-25FD-4D59-BE1F-25371812B85B}.Release|Any CPU.Build.0 = Release|Any CPU
		{C81D420A-4BB8-44BB-8780-E315299A4851}.Debug|Any CPU.ActiveCfg = Debug|Any CPU
		{C81D420A-4BB8-44BB-8780-E315299A4851}.Debug|Any CPU.Build.0 = Debug|Any CPU
		{C81D420A-4BB8-44BB-8780-E315299A4851}.Release|Any CPU.ActiveCfg = Release|Any CPU
		{C81D420A-4BB8-44BB-8780-E315299A4851}.Release|Any CPU.Build.0 = Release|Any CPU
		{A06E2FBB-DD0B-4FE1-A3FC-BDCAE9AD978F}.Debug|Any CPU.ActiveCfg = Debug|Any CPU
		{A06E2FBB-DD0B-4FE1-A3FC-BDCAE9AD978F}.Debug|Any CPU.Build.0 = Debug|Any CPU
		{A06E2FBB-DD0B-4FE1-A3FC-BDCAE9AD978F}.Release|Any CPU.ActiveCfg = Release|Any CPU
		{A06E2FBB-DD0B-4FE1-A3FC-BDCAE9AD978F}.Release|Any CPU.Build.0 = Release|Any CPU
		{4C5E724C-07A2-43E3-A8F8-71717C842F9B}.Debug|Any CPU.ActiveCfg = Debug|Any CPU
		{4C5E724C-07A2-43E3-A8F8-71717C842F9B}.Debug|Any CPU.Build.0 = Debug|Any CPU
		{4C5E724C-07A2-43E3-A8F8-71717C842F9B}.Release|Any CPU.ActiveCfg = Release|Any CPU
		{4C5E724C-07A2-43E3-A8F8-71717C842F9B}.Release|Any CPU.Build.0 = Release|Any CPU
		{610A9FFD-A9EF-4CFA-9686-2B38B2A09539}.Debug|Any CPU.ActiveCfg = Debug|Any CPU
		{610A9FFD-A9EF-4CFA-9686-2B38B2A09539}.Debug|Any CPU.Build.0 = Debug|Any CPU
		{610A9FFD-A9EF-4CFA-9686-2B38B2A09539}.Release|Any CPU.ActiveCfg = Release|Any CPU
		{610A9FFD-A9EF-4CFA-9686-2B38B2A09539}.Release|Any CPU.Build.0 = Release|Any CPU
		{55615348-A901-422B-BDCA-D3B009C54B17}.Debug|Any CPU.ActiveCfg = Debug|Any CPU
		{55615348-A901-422B-BDCA-D3B009C54B17}.Debug|Any CPU.Build.0 = Debug|Any CPU
		{55615348-A901-422B-BDCA-D3B009C54B17}.Release|Any CPU.ActiveCfg = Release|Any CPU
		{55615348-A901-422B-BDCA-D3B009C54B17}.Release|Any CPU.Build.0 = Release|Any CPU
	EndGlobalSection
	GlobalSection(SolutionProperties) = preSolution
		HideSolutionNode = FALSE
	EndGlobalSection
	GlobalSection(ExtensibilityGlobals) = postSolution
		SolutionGuid = {974EA438-908D-43B4-99F3-1C0B0C861A68}
	EndGlobalSection
EndGlobal
